schema: '2.0'
stages:
  preprocess:
    cmd: python src/data_loader.py
    deps:
    - path: data/raw/household_power_consumption.txt
      hash: md5
      md5: e05286cd4a257d80c3f0407b350df7dd
      size: 132960755
    - path: src/data_loader.py
      hash: md5
      md5: 446c0445295efc9d9855bfa7a4aa2de9
      size: 881
    outs:
    - path: data/processed/energy_clean.csv
      hash: md5
      md5: 5b6f8bafbb143499d94129f0a2555a93
      size: 893292
  train:
    cmd: python src/train_model.py
    deps:
    - path: data/processed/energy_clean.csv
      hash: md5
      md5: 5b6f8bafbb143499d94129f0a2555a93
      size: 893292
    - path: src/train_model.py
      hash: md5
      md5: bda64a627680358ac72a721ce08db167
      size: 2410
    outs:
    - path: models/latest_model_path.txt
      hash: md5
      md5: f9d82f68f3ab05e5cd1ab3d089b09f08
      size: 26
